{
  "requires": true,
  "lockfileVersion": 1,
  "dependencies": {
    "react-app-rewire-hot-loader": {
      "version": "2.0.1",
      "resolved": "https://registry.npm.taobao.org/react-app-rewire-hot-loader/download/react-app-rewire-hot-loader-2.0.1.tgz",
      "integrity": "sha1-m0fSmdrE2GHa/fGLScNpjQ/wSlI=",
      "dev": true
    }
  }
}
